
Microsoft Visual Studio Solution File, Format Version 12.00
# Visual Studio Version 16
VisualStudioVersion = 16.0.30621.155
MinimumVisualStudioVersion = 10.0.40219.1
Project("{FAE04EC0-301F-11D3-BF4B-00C04F79EFBC}") = "Mosh", "Mosh.csproj", "{DDC3AD5F-5848-4B35-9A22-C14994FDE052}"
EndProject
Global
	GlobalSection(SolutionConfigurationPlatforms) = preSolution
		Debug|Any CPU = Debug|Any CPU
		Release|Any CPU = Release|Any CPU
	EndGlobalSection
	GlobalSection(ProjectConfigurationPlatforms) = postSolution
		{DDC3AD5F-5848-4B35-9A22-C14994FDE052}.Debug|Any CPU.ActiveCfg = Debug|Any CPU
		{DDC3AD5F-5848-4B35-9A22-C14994FDE052}.Debug|Any CPU.Build.0 = Debug|Any CPU
		{DDC3AD5F-5848-4B35-9A22-C14994FDE052}.Release|Any CPU.ActiveCfg = Release|Any CPU
		{DDC3AD5F-5848-4B35-9A22-C14994FDE052}.Release|Any CPU.Build.0 = Release|Any CPU
	EndGlobalSection
	GlobalSection(SolutionProperties) = preSolution
		HideSolutionNode = FALSE
	EndGlobalSection
	GlobalSection(ExtensibilityGlobals) = postSolution
		SolutionGuid = {99DF6688-ADE5-418F-9B07-B3FE0619AC60}
	EndGlobalSection
EndGlobal
