
Microsoft Visual Studio Solution File, Format Version 12.00
# Visual Studio Version 17
VisualStudioVersion = 17.3.32922.545
MinimumVisualStudioVersion = 10.0.40219.1
Project("{FAE04EC0-301F-11D3-BF4B-00C04F79EFBC}") = "MOSH", "MOSH.csproj", "{30B52DE5-EA80-47E9-A509-114A864531E7}"
EndProject
Global
	GlobalSection(SolutionConfigurationPlatforms) = preSolution
		Debug|Any CPU = Debug|Any CPU
		Release|Any CPU = Release|Any CPU
	EndGlobalSection
	GlobalSection(ProjectConfigurationPlatforms) = postSolution
		{30B52DE5-EA80-47E9-A509-114A864531E7}.Debug|Any CPU.ActiveCfg = Debug|Any CPU
		{30B52DE5-EA80-47E9-A509-114A864531E7}.Debug|Any CPU.Build.0 = Debug|Any CPU
		{30B52DE5-EA80-47E9-A509-114A864531E7}.Release|Any CPU.ActiveCfg = Release|Any CPU
		{30B52DE5-EA80-47E9-A509-114A864531E7}.Release|Any CPU.Build.0 = Release|Any CPU
	EndGlobalSection
	GlobalSection(SolutionProperties) = preSolution
		HideSolutionNode = FALSE
	EndGlobalSection
	GlobalSection(ExtensibilityGlobals) = postSolution
		SolutionGuid = {8446980D-06FB-44BE-8A93-30E2DC66531B}
	EndGlobalSection
EndGlobal
