
Microsoft Visual Studio Solution File, Format Version 12.00
# Visual Studio Version 17
VisualStudioVersion = 17.1.32328.378
MinimumVisualStudioVersion = 10.0.40219.1
Project("{FAE04EC0-301F-11D3-BF4B-00C04F79EFBC}") = "ExploringCore", "ExploringCore.csproj", "{59DDF6E3-893C-45F3-8EE2-408B4917DD7A}"
EndProject
Global
	GlobalSection(SolutionConfigurationPlatforms) = preSolution
		Debug|Any CPU = Debug|Any CPU
		Release|Any CPU = Release|Any CPU
	EndGlobalSection
	GlobalSection(ProjectConfigurationPlatforms) = postSolution
		{59DDF6E3-893C-45F3-8EE2-408B4917DD7A}.Debug|Any CPU.ActiveCfg = Debug|Any CPU
		{59DDF6E3-893C-45F3-8EE2-408B4917DD7A}.Debug|Any CPU.Build.0 = Debug|Any CPU
		{59DDF6E3-893C-45F3-8EE2-408B4917DD7A}.Release|Any CPU.ActiveCfg = Release|Any CPU
		{59DDF6E3-893C-45F3-8EE2-408B4917DD7A}.Release|Any CPU.Build.0 = Release|Any CPU
	EndGlobalSection
	GlobalSection(SolutionProperties) = preSolution
		HideSolutionNode = FALSE
	EndGlobalSection
	GlobalSection(ExtensibilityGlobals) = postSolution
		SolutionGuid = {80163FE4-5E28-44B2-9175-5FF3F28D4224}
	EndGlobalSection
EndGlobal
